
Microsoft Visual Studio Solution File, Format Version 12.00
# Visual Studio Version 16
VisualStudioVersion = 16.0.30804.86
MinimumVisualStudioVersion = 10.0.40219.1
Project("{00D1A9C2-B5F0-4AF3-8072-F6C62B433612}") = "SqlDBProjPoc", "SqlDBProjPoc\SqlDBProjPoc.sqlproj", "{8802A539-82AF-4826-AAE4-6DDA3C7CD632}"
EndProject
Global
	GlobalSection(SolutionConfigurationPlatforms) = preSolution
		Debug|Any CPU = Debug|Any CPU
		Release|Any CPU = Release|Any CPU
	EndGlobalSection
	GlobalSection(ProjectConfigurationPlatforms) = postSolution
		{8802A539-82AF-4826-AAE4-6DDA3C7CD632}.Debug|Any CPU.ActiveCfg = Debug|Any CPU
		{8802A539-82AF-4826-AAE4-6DDA3C7CD632}.Debug|Any CPU.Build.0 = Debug|Any CPU
		{8802A539-82AF-4826-AAE4-6DDA3C7CD632}.Debug|Any CPU.Deploy.0 = Debug|Any CPU
		{8802A539-82AF-4826-AAE4-6DDA3C7CD632}.Release|Any CPU.ActiveCfg = Release|Any CPU
		{8802A539-82AF-4826-AAE4-6DDA3C7CD632}.Release|Any CPU.Build.0 = Release|Any CPU
		{8802A539-82AF-4826-AAE4-6DDA3C7CD632}.Release|Any CPU.Deploy.0 = Release|Any CPU
	EndGlobalSection
	GlobalSection(SolutionProperties) = preSolution
		HideSolutionNode = FALSE
	EndGlobalSection
	GlobalSection(ExtensibilityGlobals) = postSolution
		SolutionGuid = {B46338A8-EE42-4B95-9650-74EFBFC5A7C9}
	EndGlobalSection
EndGlobal
